
Microsoft Visual Studio Solution File, Format Version 12.00
# Visual Studio Version 16
VisualStudioVersion = 16.0.32428.217
MinimumVisualStudioVersion = 10.0.40219.1
Project("{FAE04EC0-301F-11D3-BF4B-00C04F79EFBC}") = "LeetCode", "TwoSum\LeetCode.csproj", "{3BB1A055-E535-4977-BA9D-4538A3FB386B}"
EndProject
Project("{FAE04EC0-301F-11D3-BF4B-00C04F79EFBC}") = "LeetCodeTest", "TwoSumTest\LeetCodeTest.csproj", "{CC05B6F5-2455-4369-93F8-EB1EC706943A}"
EndProject
Global
	GlobalSection(SolutionConfigurationPlatforms) = preSolution
		Debug|Any CPU = Debug|Any CPU
		Release|Any CPU = Release|Any CPU
	EndGlobalSection
	GlobalSection(ProjectConfigurationPlatforms) = postSolution
		{3BB1A055-E535-4977-BA9D-4538A3FB386B}.Debug|Any CPU.ActiveCfg = Debug|Any CPU
		{3BB1A055-E535-4977-BA9D-4538A3FB386B}.Debug|Any CPU.Build.0 = Debug|Any CPU
		{3BB1A055-E535-4977-BA9D-4538A3FB386B}.Release|Any CPU.ActiveCfg = Release|Any CPU
		{3BB1A055-E535-4977-BA9D-4538A3FB386B}.Release|Any CPU.Build.0 = Release|Any CPU
		{CC05B6F5-2455-4369-93F8-EB1EC706943A}.Debug|Any CPU.ActiveCfg = Debug|Any CPU
		{CC05B6F5-2455-4369-93F8-EB1EC706943A}.Debug|Any CPU.Build.0 = Debug|Any CPU
		{CC05B6F5-2455-4369-93F8-EB1EC706943A}.Release|Any CPU.ActiveCfg = Release|Any CPU
		{CC05B6F5-2455-4369-93F8-EB1EC706943A}.Release|Any CPU.Build.0 = Release|Any CPU
	EndGlobalSection
	GlobalSection(SolutionProperties) = preSolution
		HideSolutionNode = FALSE
	EndGlobalSection
	GlobalSection(ExtensibilityGlobals) = postSolution
		SolutionGuid = {F09D41D0-E62E-4C0E-8183-3CB345292788}
	EndGlobalSection
EndGlobal
